
Microsoft Visual Studio Solution File, Format Version 12.00
# Visual Studio Version 16
VisualStudioVersion = 16.0.30011.22
MinimumVisualStudioVersion = 10.0.40219.1
Project("{FAE04EC0-301F-11D3-BF4B-00C04F79EFBC}") = "Quizzer", "Quizzer.csproj", "{DC022E8B-78EC-4D7D-B32B-49A97EB70B87}"
EndProject
Global
	GlobalSection(SolutionConfigurationPlatforms) = preSolution
		Debug|Any CPU = Debug|Any CPU
		Release|Any CPU = Release|Any CPU
	EndGlobalSection
	GlobalSection(ProjectConfigurationPlatforms) = postSolution
		{DC022E8B-78EC-4D7D-B32B-49A97EB70B87}.Debug|Any CPU.ActiveCfg = Debug|Any CPU
		{DC022E8B-78EC-4D7D-B32B-49A97EB70B87}.Debug|Any CPU.Build.0 = Debug|Any CPU
		{DC022E8B-78EC-4D7D-B32B-49A97EB70B87}.Release|Any CPU.ActiveCfg = Release|Any CPU
		{DC022E8B-78EC-4D7D-B32B-49A97EB70B87}.Release|Any CPU.Build.0 = Release|Any CPU
	EndGlobalSection
	GlobalSection(SolutionProperties) = preSolution
		HideSolutionNode = FALSE
	EndGlobalSection
	GlobalSection(ExtensibilityGlobals) = postSolution
		SolutionGuid = {24A34FB0-68E3-459F-A3FD-6901A7AC75F6}
	EndGlobalSection
EndGlobal
